<?xml version="1.0" encoding="utf-8"?>
<Project ToolsVersion="4.0" xmlns="http://schemas.microsoft.com/developer/msbuild/2003">
  <ItemGroup>
    <ClCompile Include="DecentralizedParkPilot.cpp">
      <Filter>Source Files</Filter>
    </ClCompile>
    <ClCompile Include="main.cpp">
      <Filter>Source Files</Filter>
    </ClCompile>
    <ClCompile Include="..\IDL\MaxProductionReachedMessageSupport.cxx">
      <Filter>IDL</Filter>
    </ClCompile>
    <ClCompile Include="..\IDL\RequestMessage.cxx">
      <Filter>IDL</Filter>
    </ClCompile>
    <ClCompile Include="..\IDL\RequestMessagePlugin.cxx">
      <Filter>IDL</Filter>
    </ClCompile>
    <ClCompile Include="..\IDL\RequestMessageSupport.cxx">
      <Filter>IDL</Filter>
    </ClCompile>
    <ClCompile Include="..\IDL\SetpointMessage.cxx">
      <Filter>IDL</Filter>
    </ClCompile>
    <ClCompile Include="..\IDL\SetpointMessagePlugin.cxx">
      <Filter>IDL</Filter>
    </ClCompile>
    <ClCompile Include="..\IDL\SetpointMessageSupport.cxx">
      <Filter>IDL</Filter>
    </ClCompile>
    <ClCompile Include="..\IDL\TurbineDataMessage.cxx">
      <Filter>IDL</Filter>
    </ClCompile>
    <ClCompile Include="..\IDL\TurbineDataMessagePlugin.cxx">
      <Filter>IDL</Filter>
    </ClCompile>
    <ClCompile Include="..\IDL\TurbineDataMessageSupport.cxx">
      <Filter>IDL</Filter>
    </ClCompile>
    <ClCompile Include="..\IDL\TurbineMessage.cxx">
      <Filter>IDL</Filter>
    </ClCompile>
    <ClCompile Include="..\IDL\TurbineMessagePlugin.cxx">
      <Filter>IDL</Filter>
    </ClCompile>
    <ClCompile Include="..\IDL\TurbineMessageSupport.cxx">
      <Filter>IDL</Filter>
    </ClCompile>
    <ClCompile Include="..\IDL\MaxProductionReachedMessage.cxx">
      <Filter>IDL</Filter>
    </ClCompile>
    <ClCompile Include="..\IDL\MaxProductionReachedMessagePlugin.cxx">
      <Filter>IDL</Filter>
    </ClCompile>
  </ItemGroup>
  <ItemGroup>
    <ClInclude Include="DecentralizedParkPilot.h">
      <Filter>Header Files</Filter>
    </ClInclude>
    <ClInclude Include="..\IDL\MaxProductionReachedMessage.h">
      <Filter>IDL</Filter>
    </ClInclude>
    <ClInclude Include="..\IDL\MaxProductionReachedMessagePlugin.h">
      <Filter>IDL</Filter>
    </ClInclude>
    <ClInclude Include="..\IDL\MaxProductionReachedMessageSupport.h">
      <Filter>IDL</Filter>
    </ClInclude>
    <ClInclude Include="..\IDL\RequestMessage.h">
      <Filter>IDL</Filter>
    </ClInclude>
    <ClInclude Include="..\IDL\RequestMessagePlugin.h">
      <Filter>IDL</Filter>
    </ClInclude>
    <ClInclude Include="..\IDL\RequestMessageSupport.h">
      <Filter>IDL</Filter>
    </ClInclude>
    <ClInclude Include="..\IDL\SetpointMessage.h">
      <Filter>IDL</Filter>
    </ClInclude>
    <ClInclude Include="..\IDL\SetpointMessagePlugin.h">
      <Filter>IDL</Filter>
    </ClInclude>
    <ClInclude Include="..\IDL\SetpointMessageSupport.h">
      <Filter>IDL</Filter>
    </ClInclude>
    <ClInclude Include="..\IDL\TurbineDataMessage.h">
      <Filter>IDL</Filter>
    </ClInclude>
    <ClInclude Include="..\IDL\TurbineDataMessagePlugin.h">
      <Filter>IDL</Filter>
    </ClInclude>
    <ClInclude Include="..\IDL\TurbineDataMessageSupport.h">
      <Filter>IDL</Filter>
    </ClInclude>
    <ClInclude Include="..\IDL\TurbineMessage.h">
      <Filter>IDL</Filter>
    </ClInclude>
    <ClInclude Include="..\IDL\TurbineMessagePlugin.h">
      <Filter>IDL</Filter>
    </ClInclude>
    <ClInclude Include="..\IDL\TurbineMessageSupport.h">
      <Filter>IDL</Filter>
    </ClInclude>
  </ItemGroup>
  <ItemGroup>
    <Filter Include="Header Files">
      <UniqueIdentifier>{814b94ed-c042-4873-bc79-64bb4e5c88e6}</UniqueIdentifier>
    </Filter>
    <Filter Include="Source Files">
      <UniqueIdentifier>{cbf22a01-d670-4171-b063-0ff341d25f8d}</UniqueIdentifier>
    </Filter>
    <Filter Include="Resource Files">
      <UniqueIdentifier>{ea1ccb0f-14b2-4ba0-9d0e-9463845e5c21}</UniqueIdentifier>
    </Filter>
    <Filter Include="IDL">
      <UniqueIdentifier>{407c2f02-8c06-41a8-984a-8630cd473ee5}</UniqueIdentifier>
    </Filter>
  </ItemGroup>
</Project>