<?xml version="1.0" encoding="utf-8"?>
<Project ToolsVersion="4.0" xmlns="http://schemas.microsoft.com/developer/msbuild/2003">
  <ItemGroup>
    <Filter Include="Source Files">
      <UniqueIdentifier>{4FC737F1-C7A5-4376-A066-2A32D752A2FF}</UniqueIdentifier>
      <Extensions>cpp;c;cc;cxx;def;odl;idl;hpj;bat;asm;asmx</Extensions>
    </Filter>
    <Filter Include="Header Files">
      <UniqueIdentifier>{93995380-89BD-4b04-88EB-625FBE52EBFB}</UniqueIdentifier>
      <Extensions>h;hh;hpp;hxx;hm;inl;inc;xsd</Extensions>
    </Filter>
    <Filter Include="Resource Files">
      <UniqueIdentifier>{67DA6AB6-F800-4c08-8B7A-83BB121AAD01}</UniqueIdentifier>
      <Extensions>rc;ico;cur;bmp;dlg;rc2;rct;bin;rgs;gif;jpg;jpeg;jpe;resx;tiff;tif;png;wav;mfcribbon-ms</Extensions>
    </Filter>
    <Filter Include="Turbine">
      <UniqueIdentifier>{e6742b8c-23af-4460-8768-1f0515357dc6}</UniqueIdentifier>
    </Filter>
  </ItemGroup>
  <ItemGroup>
    <ClInclude Include="MaxProductionReachedMessage.h">
      <Filter>Header Files</Filter>
    </ClInclude>
    <ClInclude Include="MaxProductionReachedMessagePlugin.h">
      <Filter>Header Files</Filter>
    </ClInclude>
    <ClInclude Include="MaxProductionReachedMessageSupport.h">
      <Filter>Header Files</Filter>
    </ClInclude>
    <ClInclude Include="TurbineMessage.h">
      <Filter>Header Files</Filter>
    </ClInclude>
    <ClInclude Include="TurbineMessagePlugin.h">
      <Filter>Header Files</Filter>
    </ClInclude>
    <ClInclude Include="TurbineMessageSupport.h">
      <Filter>Header Files</Filter>
    </ClInclude>
    <ClInclude Include="Turbine\IncludeMongo.h">
      <Filter>Turbine</Filter>
    </ClInclude>
    <ClInclude Include="Turbine\MongoDatabase.h">
      <Filter>Turbine</Filter>
    </ClInclude>
    <ClInclude Include="Turbine\MongoDatareader.h">
      <Filter>Turbine</Filter>
    </ClInclude>
    <ClInclude Include="Turbine\MongoPrepariedQuery.h">
      <Filter>Turbine</Filter>
    </ClInclude>
    <ClInclude Include="Turbine.h">
      <Filter>Turbine</Filter>
    </ClInclude>
    <ClInclude Include="MaxProdQuery.h">
      <Filter>Turbine</Filter>
    </ClInclude>
    <ClInclude Include="MaxProdDBReader.h">
      <Filter>Turbine</Filter>
    </ClInclude>
    <ClInclude Include="TurbineSim.h">
      <Filter>Header Files</Filter>
    </ClInclude>
  </ItemGroup>
  <ItemGroup>
    <ClCompile Include="MaxProductionReachedMessage.cxx">
      <Filter>Source Files</Filter>
    </ClCompile>
    <ClCompile Include="MaxProductionReachedMessagePlugin.cxx">
      <Filter>Source Files</Filter>
    </ClCompile>
    <ClCompile Include="MaxProductionReachedMessageSupport.cxx">
      <Filter>Source Files</Filter>
    </ClCompile>
    <ClCompile Include="TurbineMessage.cxx">
      <Filter>Source Files</Filter>
    </ClCompile>
    <ClCompile Include="TurbineMessagePlugin.cxx">
      <Filter>Source Files</Filter>
    </ClCompile>
    <ClCompile Include="TurbineMessageSupport.cxx">
      <Filter>Source Files</Filter>
    </ClCompile>
    <ClCompile Include="Turbine\MongoDatabase.cpp">
      <Filter>Turbine</Filter>
    </ClCompile>
    <ClCompile Include="Turbine.cpp">
      <Filter>Turbine</Filter>
    </ClCompile>
  </ItemGroup>
</Project>