<?xml version="1.0" encoding="utf-8"?>
<Project ToolsVersion="4.0" xmlns="http://schemas.microsoft.com/developer/msbuild/2003">
  <ItemGroup>
    <Filter Include="Source Files">
      <UniqueIdentifier>{4FC737F1-C7A5-4376-A066-2A32D752A2FF}</UniqueIdentifier>
      <Extensions>cpp;c;cc;cxx;def;odl;idl;hpj;bat;asm;asmx</Extensions>
    </Filter>
    <Filter Include="Header Files">
      <UniqueIdentifier>{93995380-89BD-4b04-88EB-625FBE52EBFB}</UniqueIdentifier>
      <Extensions>h;hh;hpp;hxx;hm;inl;inc;xsd</Extensions>
    </Filter>
    <Filter Include="Resource Files">
      <UniqueIdentifier>{67DA6AB6-F800-4c08-8B7A-83BB121AAD01}</UniqueIdentifier>
      <Extensions>rc;ico;cur;bmp;dlg;rc2;rct;bin;rgs;gif;jpg;jpeg;jpe;resx;tiff;tif;png;wav;mfcribbon-ms</Extensions>
    </Filter>
    <Filter Include="Turbine">
      <UniqueIdentifier>{e6742b8c-23af-4460-8768-1f0515357dc6}</UniqueIdentifier>
    </Filter>
    <Filter Include="Messages">
      <UniqueIdentifier>{bd4f0242-e2b2-42ca-be0e-404ce3109076}</UniqueIdentifier>
    </Filter>
    <Filter Include="Messages\Decentralized">
      <UniqueIdentifier>{c77c44b2-cbc2-4eb0-a398-7b424fffe303}</UniqueIdentifier>
    </Filter>
    <Filter Include="Messages\Centralized">
      <UniqueIdentifier>{92b90c1e-ae50-42e8-8ccb-6a1a6366650a}</UniqueIdentifier>
    </Filter>
  </ItemGroup>
  <ItemGroup>
    <ClInclude Include="Turbine\IncludeMongo.h">
      <Filter>Turbine</Filter>
    </ClInclude>
    <ClInclude Include="Turbine\MongoDatabase.h">
      <Filter>Turbine</Filter>
    </ClInclude>
    <ClInclude Include="Turbine\MongoDatareader.h">
      <Filter>Turbine</Filter>
    </ClInclude>
    <ClInclude Include="Turbine\MongoPrepariedQuery.h">
      <Filter>Turbine</Filter>
    </ClInclude>
    <ClInclude Include="Turbine.h">
      <Filter>Turbine</Filter>
    </ClInclude>
    <ClInclude Include="MaxProdQuery.h">
      <Filter>Turbine</Filter>
    </ClInclude>
    <ClInclude Include="MaxProdDBReader.h">
      <Filter>Turbine</Filter>
    </ClInclude>
    <ClInclude Include="TurbineSim.h">
      <Filter>Header Files</Filter>
    </ClInclude>
    <ClInclude Include="MaxProductionReachedMessage.h">
      <Filter>Messages\Decentralized</Filter>
    </ClInclude>
    <ClInclude Include="MaxProductionReachedMessagePlugin.h">
      <Filter>Messages\Decentralized</Filter>
    </ClInclude>
    <ClInclude Include="MaxProductionReachedMessageSupport.h">
      <Filter>Messages\Decentralized</Filter>
    </ClInclude>
    <ClInclude Include="TurbineMessage.h">
      <Filter>Messages\Decentralized</Filter>
    </ClInclude>
    <ClInclude Include="TurbineMessagePlugin.h">
      <Filter>Messages\Decentralized</Filter>
    </ClInclude>
    <ClInclude Include="TurbineMessageSupport.h">
      <Filter>Messages\Decentralized</Filter>
    </ClInclude>
    <ClInclude Include="RequestMessage.h">
      <Filter>Messages\Centralized</Filter>
    </ClInclude>
    <ClInclude Include="RequestMessagePlugin.h">
      <Filter>Messages\Centralized</Filter>
    </ClInclude>
    <ClInclude Include="RequestMessageSupport.h">
      <Filter>Messages\Centralized</Filter>
    </ClInclude>
    <ClInclude Include="SetpointMessage.h">
      <Filter>Messages\Centralized</Filter>
    </ClInclude>
    <ClInclude Include="SetpointMessagePlugin.h">
      <Filter>Messages\Centralized</Filter>
    </ClInclude>
    <ClInclude Include="SetpointMessageSupport.h">
      <Filter>Messages\Centralized</Filter>
    </ClInclude>
    <ClInclude Include="TurbineDataMessage.h">
      <Filter>Messages\Centralized</Filter>
    </ClInclude>
    <ClInclude Include="TurbineDataMessagePlugin.h">
      <Filter>Messages\Centralized</Filter>
    </ClInclude>
    <ClInclude Include="TurbineDataMessageSupport.h">
      <Filter>Messages\Centralized</Filter>
    </ClInclude>
  </ItemGroup>
  <ItemGroup>
    <ClCompile Include="Turbine\MongoDatabase.cpp">
      <Filter>Turbine</Filter>
    </ClCompile>
    <ClCompile Include="Turbine.cpp">
      <Filter>Turbine</Filter>
    </ClCompile>
    <ClCompile Include="MaxProductionReachedMessage.cxx">
      <Filter>Messages\Decentralized</Filter>
    </ClCompile>
    <ClCompile Include="MaxProductionReachedMessagePlugin.cxx">
      <Filter>Messages\Decentralized</Filter>
    </ClCompile>
    <ClCompile Include="MaxProductionReachedMessageSupport.cxx">
      <Filter>Messages\Decentralized</Filter>
    </ClCompile>
    <ClCompile Include="TurbineMessage.cxx">
      <Filter>Messages\Decentralized</Filter>
    </ClCompile>
    <ClCompile Include="TurbineMessagePlugin.cxx">
      <Filter>Messages\Decentralized</Filter>
    </ClCompile>
    <ClCompile Include="TurbineMessageSupport.cxx">
      <Filter>Messages\Decentralized</Filter>
    </ClCompile>
    <ClCompile Include="RequestMessage.cxx">
      <Filter>Messages\Centralized</Filter>
    </ClCompile>
    <ClCompile Include="RequestMessagePlugin.cxx">
      <Filter>Messages\Centralized</Filter>
    </ClCompile>
    <ClCompile Include="RequestMessageSupport.cxx">
      <Filter>Messages\Centralized</Filter>
    </ClCompile>
    <ClCompile Include="SetpointMessage.cxx">
      <Filter>Messages\Centralized</Filter>
    </ClCompile>
    <ClCompile Include="SetpointMessagePlugin.cxx">
      <Filter>Messages\Centralized</Filter>
    </ClCompile>
    <ClCompile Include="SetpointMessageSupport.cxx">
      <Filter>Messages\Centralized</Filter>
    </ClCompile>
    <ClCompile Include="TurbineDataMessage.cxx">
      <Filter>Messages\Centralized</Filter>
    </ClCompile>
    <ClCompile Include="TurbineDataMessagePlugin.cxx">
      <Filter>Messages\Centralized</Filter>
    </ClCompile>
    <ClCompile Include="TurbineDataMessageSupport.cxx">
      <Filter>Messages\Centralized</Filter>
    </ClCompile>
  </ItemGroup>
</Project>